
Microsoft Visual Studio Solution File, Format Version 9.00
# Visual Studio 2005
Project("{8BC9CEB8-8B4A-11D0-8D11-00A0C91BC942}") = "TeamPlanner", "TeamPlanner.vcproj", "{FDE428C8-C8AD-409F-A1A9-1B9CB076A403}"
EndProject
Global
	GlobalSection(SolutionConfigurationPlatforms) = preSolution
		Debug|Win32 = Debug|Win32
		Release|Win32 = Release|Win32
	EndGlobalSection
	GlobalSection(ProjectConfigurationPlatforms) = postSolution
		{FDE428C8-C8AD-409F-A1A9-1B9CB076A403}.Debug|Win32.ActiveCfg = Debug|Win32
		{FDE428C8-C8AD-409F-A1A9-1B9CB076A403}.Debug|Win32.Build.0 = Debug|Win32
		{FDE428C8-C8AD-409F-A1A9-1B9CB076A403}.Release|Win32.ActiveCfg = Release|Win32
		{FDE428C8-C8AD-409F-A1A9-1B9CB076A403}.Release|Win32.Build.0 = Release|Win32
	EndGlobalSection
	GlobalSection(SolutionProperties) = preSolution
		HideSolutionNode = FALSE
	EndGlobalSection
EndGlobal
